
Microsoft Visual Studio Solution File, Format Version 12.00
# Visual Studio 2015
Project("{FAE04EC0-301F-11D3-BF4B-00C04F79EFBC}") = "HappyHibachiARMMOFPS.Plugins", "HappyHibachiARMMOFPS.Plugins.csproj", "{31CC3D61-0801-AF09-AE99-C19235A194DE}"
EndProject
Project("{FAE04EC0-301F-11D3-BF4B-00C04F79EFBC}") = "HappyHibachiARMMOFPS", "HappyHibachiARMMOFPS.csproj", "{C0B1AE3B-A411-B2C0-7196-667FD1D0C848}"
EndProject
Project("{FAE04EC0-301F-11D3-BF4B-00C04F79EFBC}") = "HappyHibachiARMMOFPS.Editor", "HappyHibachiARMMOFPS.Editor.csproj", "{FFC4093B-56FC-B690-AC7B-02CC4F503112}"
EndProject
Global
	GlobalSection(SolutionConfigurationPlatforms) = preSolution
		Debug|Any CPU = Debug|Any CPU
		Release|Any CPU = Release|Any CPU
	EndGlobalSection
	GlobalSection(ProjectConfigurationPlatforms) = postSolution
		{31CC3D61-0801-AF09-AE99-C19235A194DE}.Debug|Any CPU.ActiveCfg = Debug|Any CPU
		{31CC3D61-0801-AF09-AE99-C19235A194DE}.Debug|Any CPU.Build.0 = Debug|Any CPU
		{31CC3D61-0801-AF09-AE99-C19235A194DE}.Release|Any CPU.ActiveCfg = Release|Any CPU
		{31CC3D61-0801-AF09-AE99-C19235A194DE}.Release|Any CPU.Build.0 = Release|Any CPU
		{C0B1AE3B-A411-B2C0-7196-667FD1D0C848}.Debug|Any CPU.ActiveCfg = Debug|Any CPU
		{C0B1AE3B-A411-B2C0-7196-667FD1D0C848}.Debug|Any CPU.Build.0 = Debug|Any CPU
		{C0B1AE3B-A411-B2C0-7196-667FD1D0C848}.Release|Any CPU.ActiveCfg = Release|Any CPU
		{C0B1AE3B-A411-B2C0-7196-667FD1D0C848}.Release|Any CPU.Build.0 = Release|Any CPU
		{FFC4093B-56FC-B690-AC7B-02CC4F503112}.Debug|Any CPU.ActiveCfg = Debug|Any CPU
		{FFC4093B-56FC-B690-AC7B-02CC4F503112}.Debug|Any CPU.Build.0 = Debug|Any CPU
		{FFC4093B-56FC-B690-AC7B-02CC4F503112}.Release|Any CPU.ActiveCfg = Release|Any CPU
		{FFC4093B-56FC-B690-AC7B-02CC4F503112}.Release|Any CPU.Build.0 = Release|Any CPU
	EndGlobalSection
	GlobalSection(SolutionProperties) = preSolution
		HideSolutionNode = FALSE
	EndGlobalSection
EndGlobal
